
Microsoft Visual Studio Solution File, Format Version 12.00
# Visual Studio Version 17
VisualStudioVersion = 17.11.35222.181
MinimumVisualStudioVersion = 10.0.40219.1
Project("{FAE04EC0-301F-11D3-BF4B-00C04F79EFBC}") = "Demo", "Demo\Demo.csproj", "{91E5AC6D-51F3-4C12-B847-46A746FCA422}"
EndProject
Global
	GlobalSection(SolutionConfigurationPlatforms) = preSolution
		Debug|Any CPU = Debug|Any CPU
		Release|Any CPU = Release|Any CPU
	EndGlobalSection
	GlobalSection(ProjectConfigurationPlatforms) = postSolution
		{91E5AC6D-51F3-4C12-B847-46A746FCA422}.Debug|Any CPU.ActiveCfg = Debug|Any CPU
		{91E5AC6D-51F3-4C12-B847-46A746FCA422}.Debug|Any CPU.Build.0 = Debug|Any CPU
		{91E5AC6D-51F3-4C12-B847-46A746FCA422}.Release|Any CPU.ActiveCfg = Release|Any CPU
		{91E5AC6D-51F3-4C12-B847-46A746FCA422}.Release|Any CPU.Build.0 = Release|Any CPU
	EndGlobalSection
	GlobalSection(SolutionProperties) = preSolution
		HideSolutionNode = FALSE
	EndGlobalSection
	GlobalSection(ExtensibilityGlobals) = postSolution
		SolutionGuid = {686D7A3F-8977-4691-A5F6-1093B9FBCD91}
	EndGlobalSection
EndGlobal
