
Microsoft Visual Studio Solution File, Format Version 12.00
# Visual Studio Version 17
VisualStudioVersion = 17.6.33801.468
MinimumVisualStudioVersion = 10.0.40219.1
Project("{FAE04EC0-301F-11D3-BF4B-00C04F79EFBC}") = "Lab2_Demo", "Lab2_Demo\Lab2_Demo.csproj", "{213B37A4-A232-488B-8542-9F9948186B3D}"
EndProject
Project("{FAE04EC0-301F-11D3-BF4B-00C04F79EFBC}") = "Lab2", "Lab2\Lab2.csproj", "{C34734E4-952C-4C46-811F-E37BBFCB77F2}"
EndProject
Global
	GlobalSection(SolutionConfigurationPlatforms) = preSolution
		Debug|Any CPU = Debug|Any CPU
		Release|Any CPU = Release|Any CPU
	EndGlobalSection
	GlobalSection(ProjectConfigurationPlatforms) = postSolution
		{213B37A4-A232-488B-8542-9F9948186B3D}.Debug|Any CPU.ActiveCfg = Debug|Any CPU
		{213B37A4-A232-488B-8542-9F9948186B3D}.Debug|Any CPU.Build.0 = Debug|Any CPU
		{213B37A4-A232-488B-8542-9F9948186B3D}.Release|Any CPU.ActiveCfg = Release|Any CPU
		{213B37A4-A232-488B-8542-9F9948186B3D}.Release|Any CPU.Build.0 = Release|Any CPU
		{C34734E4-952C-4C46-811F-E37BBFCB77F2}.Debug|Any CPU.ActiveCfg = Debug|Any CPU
		{C34734E4-952C-4C46-811F-E37BBFCB77F2}.Debug|Any CPU.Build.0 = Debug|Any CPU
		{C34734E4-952C-4C46-811F-E37BBFCB77F2}.Release|Any CPU.ActiveCfg = Release|Any CPU
		{C34734E4-952C-4C46-811F-E37BBFCB77F2}.Release|Any CPU.Build.0 = Release|Any CPU
	EndGlobalSection
	GlobalSection(SolutionProperties) = preSolution
		HideSolutionNode = FALSE
	EndGlobalSection
	GlobalSection(ExtensibilityGlobals) = postSolution
		SolutionGuid = {3393A4B6-AC5F-4BB3-80B2-D10E6FED9CF2}
	EndGlobalSection
EndGlobal
