
Microsoft Visual Studio Solution File, Format Version 12.00
# Visual Studio Version 17
VisualStudioVersion = 17.6.33801.468
MinimumVisualStudioVersion = 10.0.40219.1
Project("{FAE04EC0-301F-11D3-BF4B-00C04F79EFBC}") = "2212391_BaiTap_TKForm", "2212391_BaiTap_TKForm\2212391_BaiTap_TKForm.csproj", "{0B6B30F6-A2D9-4691-B077-0FFD53EDFEA5}"
EndProject
Global
	GlobalSection(SolutionConfigurationPlatforms) = preSolution
		Debug|Any CPU = Debug|Any CPU
		Release|Any CPU = Release|Any CPU
	EndGlobalSection
	GlobalSection(ProjectConfigurationPlatforms) = postSolution
		{0B6B30F6-A2D9-4691-B077-0FFD53EDFEA5}.Debug|Any CPU.ActiveCfg = Debug|Any CPU
		{0B6B30F6-A2D9-4691-B077-0FFD53EDFEA5}.Debug|Any CPU.Build.0 = Debug|Any CPU
		{0B6B30F6-A2D9-4691-B077-0FFD53EDFEA5}.Release|Any CPU.ActiveCfg = Release|Any CPU
		{0B6B30F6-A2D9-4691-B077-0FFD53EDFEA5}.Release|Any CPU.Build.0 = Release|Any CPU
	EndGlobalSection
	GlobalSection(SolutionProperties) = preSolution
		HideSolutionNode = FALSE
	EndGlobalSection
	GlobalSection(ExtensibilityGlobals) = postSolution
		SolutionGuid = {F7C85075-5B11-4BD4-B3BD-05E7FA0D3F2D}
	EndGlobalSection
EndGlobal
